// !$*UTF8*$!
{
	archiveVersion = 1;
	classes = {
	};
	objectVersion = 55;
	objects = {

/* Begin PBXBuildFile section */
		BA1B16D9272DB41000E67E9F /* AppDelegate.swift in Sources */ = {isa = PBXBuildFile; fileRef = BA1B16D8272DB41000E67E9F /* AppDelegate.swift */; };
		BA1B16DB272DB41000E67E9F /* SceneDelegate.swift in Sources */ = {isa = PBXBuildFile; fileRef = BA1B16DA272DB41000E67E9F /* SceneDelegate.swift */; };
		BA1B16DD272DB41000E67E9F /* ECNViewController.swift in Sources */ = {isa = PBXBuildFile; fileRef = BA1B16DC272DB41000E67E9F /* ECNViewController.swift */; };
		BA1B16E0272DB41000E67E9F /* Main.storyboard in Resources */ = {isa = PBXBuildFile; fileRef = BA1B16DE272DB41000E67E9F /* Main.storyboard */; };
		BA1B16E2272DB41300E67E9F /* Assets.xcassets in Resources */ = {isa = PBXBuildFile; fileRef = BA1B16E1272DB41300E67E9F /* Assets.xcassets */; };
		BA1B16E5272DB41300E67E9F /* LaunchScreen.storyboard in Resources */ = {isa = PBXBuildFile; fileRef = BA1B16E3272DB41300E67E9F /* LaunchScreen.storyboard */; };
		BA1B16F0272DB41300E67E9F /* ECNDemoAppTests.swift in Sources */ = {isa = PBXBuildFile; fileRef = BA1B16EF272DB41300E67E9F /* ECNDemoAppTests.swift */; };
		BA1B16FA272DB41300E67E9F /* ECNDemoAppUITests.swift in Sources */ = {isa = PBXBuildFile; fileRef = BA1B16F9272DB41300E67E9F /* ECNDemoAppUITests.swift */; };
		BA1B16FC272DB41300E67E9F /* ECNDemoAppUITestsLaunchTests.swift in Sources */ = {isa = PBXBuildFile; fileRef = BA1B16FB272DB41300E67E9F /* ECNDemoAppUITestsLaunchTests.swift */; };
		BAEAD088273C1B7500BBE6C8 /* ecn_bits_w.framework in Frameworks */ = {isa = PBXBuildFile; fileRef = BAEAD085273C182100BBE6C8 /* ecn_bits_w.framework */; };
		BAEAD089273C1B7500BBE6C8 /* ecn_bits_w.framework in Embed Frameworks */ = {isa = PBXBuildFile; fileRef = BAEAD085273C182100BBE6C8 /* ecn_bits_w.framework */; settings = {ATTRIBUTES = (CodeSignOnCopy, RemoveHeadersOnCopy, ); }; };
/* End PBXBuildFile section */

/* Begin PBXContainerItemProxy section */
		BA1B16EC272DB41300E67E9F /* PBXContainerItemProxy */ = {
			isa = PBXContainerItemProxy;
			containerPortal = BA1B16CD272DB41000E67E9F /* Project object */;
			proxyType = 1;
			remoteGlobalIDString = BA1B16D4272DB41000E67E9F;
			remoteInfo = ECNDemoApp;
		};
		BA1B16F6272DB41300E67E9F /* PBXContainerItemProxy */ = {
			isa = PBXContainerItemProxy;
			containerPortal = BA1B16CD272DB41000E67E9F /* Project object */;
			proxyType = 1;
			remoteGlobalIDString = BA1B16D4272DB41000E67E9F;
			remoteInfo = ECNDemoApp;
		};
		BAEAD084273C182100BBE6C8 /* PBXContainerItemProxy */ = {
			isa = PBXContainerItemProxy;
			containerPortal = BAEAD07F273C182100BBE6C8 /* ecn-bits-w.xcodeproj */;
			proxyType = 2;
			remoteGlobalIDString = BA1B1696272B1FEC00E67E9F;
			remoteInfo = "ecn-bits-w";
		};
		BAEAD086273C182100BBE6C8 /* PBXContainerItemProxy */ = {
			isa = PBXContainerItemProxy;
			containerPortal = BAEAD07F273C182100BBE6C8 /* ecn-bits-w.xcodeproj */;
			proxyType = 2;
			remoteGlobalIDString = BA1B169E272B1FEC00E67E9F;
			remoteInfo = "ecn-bits-wTests";
		};
/* End PBXContainerItemProxy section */

/* Begin PBXCopyFilesBuildPhase section */
		BA757E91272DBE9B00990CC2 /* Embed Frameworks */ = {
			isa = PBXCopyFilesBuildPhase;
			buildActionMask = 2147483647;
			dstPath = "";
			dstSubfolderSpec = 10;
			files = (
				BAEAD089273C1B7500BBE6C8 /* ecn_bits_w.framework in Embed Frameworks */,
			);
			name = "Embed Frameworks";
			runOnlyForDeploymentPostprocessing = 0;
		};
/* End PBXCopyFilesBuildPhase section */

/* Begin PBXFileReference section */
		BA1B16D5272DB41000E67E9F /* ECNDemoApp.app */ = {isa = PBXFileReference; explicitFileType = wrapper.application; includeInIndex = 0; path = ECNDemoApp.app; sourceTree = BUILT_PRODUCTS_DIR; };
		BA1B16D8272DB41000E67E9F /* AppDelegate.swift */ = {isa = PBXFileReference; lastKnownFileType = sourcecode.swift; path = AppDelegate.swift; sourceTree = "<group>"; };
		BA1B16DA272DB41000E67E9F /* SceneDelegate.swift */ = {isa = PBXFileReference; lastKnownFileType = sourcecode.swift; path = SceneDelegate.swift; sourceTree = "<group>"; };
		BA1B16DC272DB41000E67E9F /* ECNViewController.swift */ = {isa = PBXFileReference; lastKnownFileType = sourcecode.swift; path = ECNViewController.swift; sourceTree = "<group>"; };
		BA1B16DF272DB41000E67E9F /* Base */ = {isa = PBXFileReference; lastKnownFileType = file.storyboard; name = Base; path = Base.lproj/Main.storyboard; sourceTree = "<group>"; };
		BA1B16E1272DB41300E67E9F /* Assets.xcassets */ = {isa = PBXFileReference; lastKnownFileType = folder.assetcatalog; path = Assets.xcassets; sourceTree = "<group>"; };
		BA1B16E4272DB41300E67E9F /* Base */ = {isa = PBXFileReference; lastKnownFileType = file.storyboard; name = Base; path = Base.lproj/LaunchScreen.storyboard; sourceTree = "<group>"; };
		BA1B16E6272DB41300E67E9F /* Info.plist */ = {isa = PBXFileReference; lastKnownFileType = text.plist.xml; path = Info.plist; sourceTree = "<group>"; };
		BA1B16EB272DB41300E67E9F /* ECNDemoAppTests.xctest */ = {isa = PBXFileReference; explicitFileType = wrapper.cfbundle; includeInIndex = 0; path = ECNDemoAppTests.xctest; sourceTree = BUILT_PRODUCTS_DIR; };
		BA1B16EF272DB41300E67E9F /* ECNDemoAppTests.swift */ = {isa = PBXFileReference; lastKnownFileType = sourcecode.swift; path = ECNDemoAppTests.swift; sourceTree = "<group>"; };
		BA1B16F5272DB41300E67E9F /* ECNDemoAppUITests.xctest */ = {isa = PBXFileReference; explicitFileType = wrapper.cfbundle; includeInIndex = 0; path = ECNDemoAppUITests.xctest; sourceTree = BUILT_PRODUCTS_DIR; };
		BA1B16F9272DB41300E67E9F /* ECNDemoAppUITests.swift */ = {isa = PBXFileReference; lastKnownFileType = sourcecode.swift; path = ECNDemoAppUITests.swift; sourceTree = "<group>"; };
		BA1B16FB272DB41300E67E9F /* ECNDemoAppUITestsLaunchTests.swift */ = {isa = PBXFileReference; lastKnownFileType = sourcecode.swift; path = ECNDemoAppUITestsLaunchTests.swift; sourceTree = "<group>"; };
		BA7370C02731DBEC000C9FBD /* ECNDemoApp.entitlements */ = {isa = PBXFileReference; lastKnownFileType = text.plist.entitlements; path = ECNDemoApp.entitlements; sourceTree = "<group>"; };
		BAEAD07F273C182100BBE6C8 /* ecn-bits-w.xcodeproj */ = {isa = PBXFileReference; lastKnownFileType = "wrapper.pb-project"; name = "ecn-bits-w.xcodeproj"; path = "Frameworks/ecn-bits-w/ecn-bits-w.xcodeproj"; sourceTree = SOURCE_ROOT; };
/* End PBXFileReference section */

/* Begin PBXFrameworksBuildPhase section */
		BA1B16D2272DB41000E67E9F /* Frameworks */ = {
			isa = PBXFrameworksBuildPhase;
			buildActionMask = 2147483647;
			files = (
				BAEAD088273C1B7500BBE6C8 /* ecn_bits_w.framework in Frameworks */,
			);
			runOnlyForDeploymentPostprocessing = 0;
		};
		BA1B16E8272DB41300E67E9F /* Frameworks */ = {
			isa = PBXFrameworksBuildPhase;
			buildActionMask = 2147483647;
			files = (
			);
			runOnlyForDeploymentPostprocessing = 0;
		};
		BA1B16F2272DB41300E67E9F /* Frameworks */ = {
			isa = PBXFrameworksBuildPhase;
			buildActionMask = 2147483647;
			files = (
			);
			runOnlyForDeploymentPostprocessing = 0;
		};
/* End PBXFrameworksBuildPhase section */

/* Begin PBXGroup section */
		BA1B16CC272DB41000E67E9F = {
			isa = PBXGroup;
			children = (
				BA1B16D7272DB41000E67E9F /* ECNDemoApp */,
				BA1B16EE272DB41300E67E9F /* ECNDemoAppTests */,
				BA1B16F8272DB41300E67E9F /* ECNDemoAppUITests */,
				BA1B16D6272DB41000E67E9F /* Products */,
				BA757E88272DBE2900990CC2 /* Frameworks */,
			);
			sourceTree = "<group>";
		};
		BA1B16D6272DB41000E67E9F /* Products */ = {
			isa = PBXGroup;
			children = (
				BA1B16D5272DB41000E67E9F /* ECNDemoApp.app */,
				BA1B16EB272DB41300E67E9F /* ECNDemoAppTests.xctest */,
				BA1B16F5272DB41300E67E9F /* ECNDemoAppUITests.xctest */,
			);
			name = Products;
			sourceTree = "<group>";
		};
		BA1B16D7272DB41000E67E9F /* ECNDemoApp */ = {
			isa = PBXGroup;
			children = (
				BA7370C02731DBEC000C9FBD /* ECNDemoApp.entitlements */,
				BAEAD07F273C182100BBE6C8 /* ecn-bits-w.xcodeproj */,
				BA1B16D8272DB41000E67E9F /* AppDelegate.swift */,
				BA1B16DA272DB41000E67E9F /* SceneDelegate.swift */,
				BA1B16E6272DB41300E67E9F /* Info.plist */,
				BA7370F427327BE2000C9FBD /* UI */,
				BAABB98227341078000759A1 /* resources */,
			);
			path = ECNDemoApp;
			sourceTree = "<group>";
		};
		BA1B16EE272DB41300E67E9F /* ECNDemoAppTests */ = {
			isa = PBXGroup;
			children = (
				BA1B16EF272DB41300E67E9F /* ECNDemoAppTests.swift */,
			);
			path = ECNDemoAppTests;
			sourceTree = "<group>";
		};
		BA1B16F8272DB41300E67E9F /* ECNDemoAppUITests */ = {
			isa = PBXGroup;
			children = (
				BA1B16F9272DB41300E67E9F /* ECNDemoAppUITests.swift */,
				BA1B16FB272DB41300E67E9F /* ECNDemoAppUITestsLaunchTests.swift */,
			);
			path = ECNDemoAppUITests;
			sourceTree = "<group>";
		};
		BA7370F427327BE2000C9FBD /* UI */ = {
			isa = PBXGroup;
			children = (
				BA1B16DC272DB41000E67E9F /* ECNViewController.swift */,
				BA1B16DE272DB41000E67E9F /* Main.storyboard */,
			);
			path = UI;
			sourceTree = "<group>";
		};
		BA757E88272DBE2900990CC2 /* Frameworks */ = {
			isa = PBXGroup;
			children = (
			);
			name = Frameworks;
			sourceTree = "<group>";
		};
		BAABB98227341078000759A1 /* resources */ = {
			isa = PBXGroup;
			children = (
				BA1B16E3272DB41300E67E9F /* LaunchScreen.storyboard */,
				BA1B16E1272DB41300E67E9F /* Assets.xcassets */,
			);
			path = resources;
			sourceTree = "<group>";
		};
		BAEAD080273C182100BBE6C8 /* Products */ = {
			isa = PBXGroup;
			children = (
				BAEAD085273C182100BBE6C8 /* ecn_bits_w.framework */,
				BAEAD087273C182100BBE6C8 /* ecn-bits-wTests.xctest */,
			);
			name = Products;
			sourceTree = "<group>";
		};
/* End PBXGroup section */

/* Begin PBXNativeTarget section */
		BA1B16D4272DB41000E67E9F /* ECNDemoApp */ = {
			isa = PBXNativeTarget;
			buildConfigurationList = BA1B16FF272DB41300E67E9F /* Build configuration list for PBXNativeTarget "ECNDemoApp" */;
			buildPhases = (
				BA1B16D1272DB41000E67E9F /* Sources */,
				BA1B16D2272DB41000E67E9F /* Frameworks */,
				BA1B16D3272DB41000E67E9F /* Resources */,
				BA757E91272DBE9B00990CC2 /* Embed Frameworks */,
			);
			buildRules = (
			);
			dependencies = (
			);
			name = ECNDemoApp;
			productName = ECNDemoApp;
			productReference = BA1B16D5272DB41000E67E9F /* ECNDemoApp.app */;
			productType = "com.apple.product-type.application";
		};
		BA1B16EA272DB41300E67E9F /* ECNDemoAppTests */ = {
			isa = PBXNativeTarget;
			buildConfigurationList = BA1B1702272DB41300E67E9F /* Build configuration list for PBXNativeTarget "ECNDemoAppTests" */;
			buildPhases = (
				BA1B16E7272DB41300E67E9F /* Sources */,
				BA1B16E8272DB41300E67E9F /* Frameworks */,
				BA1B16E9272DB41300E67E9F /* Resources */,
			);
			buildRules = (
			);
			dependencies = (
				BA1B16ED272DB41300E67E9F /* PBXTargetDependency */,
			);
			name = ECNDemoAppTests;
			productName = ECNDemoAppTests;
			productReference = BA1B16EB272DB41300E67E9F /* ECNDemoAppTests.xctest */;
			productType = "com.apple.product-type.bundle.unit-test";
		};
		BA1B16F4272DB41300E67E9F /* ECNDemoAppUITests */ = {
			isa = PBXNativeTarget;
			buildConfigurationList = BA1B1705272DB41300E67E9F /* Build configuration list for PBXNativeTarget "ECNDemoAppUITests" */;
			buildPhases = (
				BA1B16F1272DB41300E67E9F /* Sources */,
				BA1B16F2272DB41300E67E9F /* Frameworks */,
				BA1B16F3272DB41300E67E9F /* Resources */,
			);
			buildRules = (
			);
			dependencies = (
				BA1B16F7272DB41300E67E9F /* PBXTargetDependency */,
			);
			name = ECNDemoAppUITests;
			productName = ECNDemoAppUITests;
			productReference = BA1B16F5272DB41300E67E9F /* ECNDemoAppUITests.xctest */;
			productType = "com.apple.product-type.bundle.ui-testing";
		};
/* End PBXNativeTarget section */

/* Begin PBXProject section */
		BA1B16CD272DB41000E67E9F /* Project object */ = {
			isa = PBXProject;
			attributes = {
				BuildIndependentTargetsInParallel = 1;
				LastSwiftUpdateCheck = 1300;
				LastUpgradeCheck = 1300;
				TargetAttributes = {
					BA1B16D4272DB41000E67E9F = {
						CreatedOnToolsVersion = 13.0;
					};
					BA1B16EA272DB41300E67E9F = {
						CreatedOnToolsVersion = 13.0;
						TestTargetID = BA1B16D4272DB41000E67E9F;
					};
					BA1B16F4272DB41300E67E9F = {
						CreatedOnToolsVersion = 13.0;
						TestTargetID = BA1B16D4272DB41000E67E9F;
					};
				};
			};
			buildConfigurationList = BA1B16D0272DB41000E67E9F /* Build configuration list for PBXProject "ECNDemoApp" */;
			compatibilityVersion = "Xcode 13.0";
			developmentRegion = en;
			hasScannedForEncodings = 0;
			knownRegions = (
				en,
				Base,
			);
			mainGroup = BA1B16CC272DB41000E67E9F;
			productRefGroup = BA1B16D6272DB41000E67E9F /* Products */;
			projectDirPath = "";
			projectReferences = (
				{
					ProductGroup = BAEAD080273C182100BBE6C8 /* Products */;
					ProjectRef = BAEAD07F273C182100BBE6C8 /* ecn-bits-w.xcodeproj */;
				},
			);
			projectRoot = "";
			targets = (
				BA1B16D4272DB41000E67E9F /* ECNDemoApp */,
				BA1B16EA272DB41300E67E9F /* ECNDemoAppTests */,
				BA1B16F4272DB41300E67E9F /* ECNDemoAppUITests */,
			);
		};
/* End PBXProject section */

/* Begin PBXReferenceProxy section */
		BAEAD085273C182100BBE6C8 /* ecn_bits_w.framework */ = {
			isa = PBXReferenceProxy;
			fileType = wrapper.framework;
			path = ecn_bits_w.framework;
			remoteRef = BAEAD084273C182100BBE6C8 /* PBXContainerItemProxy */;
			sourceTree = BUILT_PRODUCTS_DIR;
		};
		BAEAD087273C182100BBE6C8 /* ecn-bits-wTests.xctest */ = {
			isa = PBXReferenceProxy;
			fileType = wrapper.cfbundle;
			path = "ecn-bits-wTests.xctest";
			remoteRef = BAEAD086273C182100BBE6C8 /* PBXContainerItemProxy */;
			sourceTree = BUILT_PRODUCTS_DIR;
		};
/* End PBXReferenceProxy section */

/* Begin PBXResourcesBuildPhase section */
		BA1B16D3272DB41000E67E9F /* Resources */ = {
			isa = PBXResourcesBuildPhase;
			buildActionMask = 2147483647;
			files = (
				BA1B16E5272DB41300E67E9F /* LaunchScreen.storyboard in Resources */,
				BA1B16E2272DB41300E67E9F /* Assets.xcassets in Resources */,
				BA1B16E0272DB41000E67E9F /* Main.storyboard in Resources */,
			);
			runOnlyForDeploymentPostprocessing = 0;
		};
		BA1B16E9272DB41300E67E9F /* Resources */ = {
			isa = PBXResourcesBuildPhase;
			buildActionMask = 2147483647;
			files = (
			);
			runOnlyForDeploymentPostprocessing = 0;
		};
		BA1B16F3272DB41300E67E9F /* Resources */ = {
			isa = PBXResourcesBuildPhase;
			buildActionMask = 2147483647;
			files = (
			);
			runOnlyForDeploymentPostprocessing = 0;
		};
/* End PBXResourcesBuildPhase section */

/* Begin PBXSourcesBuildPhase section */
		BA1B16D1272DB41000E67E9F /* Sources */ = {
			isa = PBXSourcesBuildPhase;
			buildActionMask = 2147483647;
			files = (
				BA1B16DD272DB41000E67E9F /* ECNViewController.swift in Sources */,
				BA1B16D9272DB41000E67E9F /* AppDelegate.swift in Sources */,
				BA1B16DB272DB41000E67E9F /* SceneDelegate.swift in Sources */,
			);
			runOnlyForDeploymentPostprocessing = 0;
		};
		BA1B16E7272DB41300E67E9F /* Sources */ = {
			isa = PBXSourcesBuildPhase;
			buildActionMask = 2147483647;
			files = (
				BA1B16F0272DB41300E67E9F /* ECNDemoAppTests.swift in Sources */,
			);
			runOnlyForDeploymentPostprocessing = 0;
		};
		BA1B16F1272DB41300E67E9F /* Sources */ = {
			isa = PBXSourcesBuildPhase;
			buildActionMask = 2147483647;
			files = (
				BA1B16FC272DB41300E67E9F /* ECNDemoAppUITestsLaunchTests.swift in Sources */,
				BA1B16FA272DB41300E67E9F /* ECNDemoAppUITests.swift in Sources */,
			);
			runOnlyForDeploymentPostprocessing = 0;
		};
/* End PBXSourcesBuildPhase section */

/* Begin PBXTargetDependency section */
		BA1B16ED272DB41300E67E9F /* PBXTargetDependency */ = {
			isa = PBXTargetDependency;
			target = BA1B16D4272DB41000E67E9F /* ECNDemoApp */;
			targetProxy = BA1B16EC272DB41300E67E9F /* PBXContainerItemProxy */;
		};
		BA1B16F7272DB41300E67E9F /* PBXTargetDependency */ = {
			isa = PBXTargetDependency;
			target = BA1B16D4272DB41000E67E9F /* ECNDemoApp */;
			targetProxy = BA1B16F6272DB41300E67E9F /* PBXContainerItemProxy */;
		};
/* End PBXTargetDependency section */

/* Begin PBXVariantGroup section */
		BA1B16DE272DB41000E67E9F /* Main.storyboard */ = {
			isa = PBXVariantGroup;
			children = (
				BA1B16DF272DB41000E67E9F /* Base */,
			);
			name = Main.storyboard;
			sourceTree = "<group>";
		};
		BA1B16E3272DB41300E67E9F /* LaunchScreen.storyboard */ = {
			isa = PBXVariantGroup;
			children = (
				BA1B16E4272DB41300E67E9F /* Base */,
			);
			name = LaunchScreen.storyboard;
			sourceTree = "<group>";
		};
/* End PBXVariantGroup section */

/* Begin XCBuildConfiguration section */
		BA1B16FD272DB41300E67E9F /* Debug */ = {
			isa = XCBuildConfiguration;
			buildSettings = {
				ALWAYS_SEARCH_USER_PATHS = NO;
				CLANG_ANALYZER_NONNULL = YES;
				CLANG_ANALYZER_NUMBER_OBJECT_CONVERSION = YES_AGGRESSIVE;
				CLANG_CXX_LANGUAGE_STANDARD = "gnu++17";
				CLANG_CXX_LIBRARY = "libc++";
				CLANG_ENABLE_MODULES = YES;
				CLANG_ENABLE_OBJC_ARC = YES;
				CLANG_ENABLE_OBJC_WEAK = YES;
				CLANG_WARN_BLOCK_CAPTURE_AUTORELEASING = YES;
				CLANG_WARN_BOOL_CONVERSION = YES;
				CLANG_WARN_COMMA = YES;
				CLANG_WARN_CONSTANT_CONVERSION = YES;
				CLANG_WARN_DEPRECATED_OBJC_IMPLEMENTATIONS = YES;
				CLANG_WARN_DIRECT_OBJC_ISA_USAGE = YES_ERROR;
				CLANG_WARN_DOCUMENTATION_COMMENTS = YES;
				CLANG_WARN_EMPTY_BODY = YES;
				CLANG_WARN_ENUM_CONVERSION = YES;
				CLANG_WARN_INFINITE_RECURSION = YES;
				CLANG_WARN_INT_CONVERSION = YES;
				CLANG_WARN_NON_LITERAL_NULL_CONVERSION = YES;
				CLANG_WARN_OBJC_IMPLICIT_RETAIN_SELF = YES;
				CLANG_WARN_OBJC_LITERAL_CONVERSION = YES;
				CLANG_WARN_OBJC_ROOT_CLASS = YES_ERROR;
				CLANG_WARN_QUOTED_INCLUDE_IN_FRAMEWORK_HEADER = YES;
				CLANG_WARN_RANGE_LOOP_ANALYSIS = YES;
				CLANG_WARN_STRICT_PROTOTYPES = YES;
				CLANG_WARN_SUSPICIOUS_MOVE = YES;
				CLANG_WARN_UNGUARDED_AVAILABILITY = YES_AGGRESSIVE;
				CLANG_WARN_UNREACHABLE_CODE = YES;
				CLANG_WARN__DUPLICATE_METHOD_MATCH = YES;
				COPY_PHASE_STRIP = NO;
				DEBUG_INFORMATION_FORMAT = dwarf;
				ENABLE_STRICT_OBJC_MSGSEND = YES;
				ENABLE_TESTABILITY = YES;
				GCC_C_LANGUAGE_STANDARD = gnu11;
				GCC_DYNAMIC_NO_PIC = NO;
				GCC_NO_COMMON_BLOCKS = YES;
				GCC_OPTIMIZATION_LEVEL = 0;
				GCC_PREPROCESSOR_DEFINITIONS = (
					"DEBUG=1",
					"$(inherited)",
				);
				GCC_WARN_64_TO_32_BIT_CONVERSION = YES;
				GCC_WARN_ABOUT_RETURN_TYPE = YES_ERROR;
				GCC_WARN_UNDECLARED_SELECTOR = YES;
				GCC_WARN_UNINITIALIZED_AUTOS = YES_AGGRESSIVE;
				GCC_WARN_UNUSED_FUNCTION = YES;
				GCC_WARN_UNUSED_VARIABLE = YES;
				IPHONEOS_DEPLOYMENT_TARGET = 15.0;
				MTL_ENABLE_DEBUG_INFO = INCLUDE_SOURCE;
				MTL_FAST_MATH = YES;
				ONLY_ACTIVE_ARCH = YES;
				SDKROOT = iphoneos;
				SWIFT_ACTIVE_COMPILATION_CONDITIONS = DEBUG;
				SWIFT_OPTIMIZATION_LEVEL = "-Onone";
			};
			name = Debug;
		};
		BA1B16FE272DB41300E67E9F /* Release */ = {
			isa = XCBuildConfiguration;
			buildSettings = {
				ALWAYS_SEARCH_USER_PATHS = NO;
				CLANG_ANALYZER_NONNULL = YES;
				CLANG_ANALYZER_NUMBER_OBJECT_CONVERSION = YES_AGGRESSIVE;
				CLANG_CXX_LANGUAGE_STANDARD = "gnu++17";
				CLANG_CXX_LIBRARY = "libc++";
				CLANG_ENABLE_MODULES = YES;
				CLANG_ENABLE_OBJC_ARC = YES;
				CLANG_ENABLE_OBJC_WEAK = YES;
				CLANG_WARN_BLOCK_CAPTURE_AUTORELEASING = YES;
				CLANG_WARN_BOOL_CONVERSION = YES;
				CLANG_WARN_COMMA = YES;
				CLANG_WARN_CONSTANT_CONVERSION = YES;
				CLANG_WARN_DEPRECATED_OBJC_IMPLEMENTATIONS = YES;
				CLANG_WARN_DIRECT_OBJC_ISA_USAGE = YES_ERROR;
				CLANG_WARN_DOCUMENTATION_COMMENTS = YES;
				CLANG_WARN_EMPTY_BODY = YES;
				CLANG_WARN_ENUM_CONVERSION = YES;
				CLANG_WARN_INFINITE_RECURSION = YES;
				CLANG_WARN_INT_CONVERSION = YES;
				CLANG_WARN_NON_LITERAL_NULL_CONVERSION = YES;
				CLANG_WARN_OBJC_IMPLICIT_RETAIN_SELF = YES;
				CLANG_WARN_OBJC_LITERAL_CONVERSION = YES;
				CLANG_WARN_OBJC_ROOT_CLASS = YES_ERROR;
				CLANG_WARN_QUOTED_INCLUDE_IN_FRAMEWORK_HEADER = YES;
				CLANG_WARN_RANGE_LOOP_ANALYSIS = YES;
				CLANG_WARN_STRICT_PROTOTYPES = YES;
				CLANG_WARN_SUSPICIOUS_MOVE = YES;
				CLANG_WARN_UNGUARDED_AVAILABILITY = YES_AGGRESSIVE;
				CLANG_WARN_UNREACHABLE_CODE = YES;
				CLANG_WARN__DUPLICATE_METHOD_MATCH = YES;
				COPY_PHASE_STRIP = NO;
				DEBUG_INFORMATION_FORMAT = "dwarf-with-dsym";
				ENABLE_NS_ASSERTIONS = NO;
				ENABLE_STRICT_OBJC_MSGSEND = YES;
				GCC_C_LANGUAGE_STANDARD = gnu11;
				GCC_NO_COMMON_BLOCKS = YES;
				GCC_WARN_64_TO_32_BIT_CONVERSION = YES;
				GCC_WARN_ABOUT_RETURN_TYPE = YES_ERROR;
				GCC_WARN_UNDECLARED_SELECTOR = YES;
				GCC_WARN_UNINITIALIZED_AUTOS = YES_AGGRESSIVE;
				GCC_WARN_UNUSED_FUNCTION = YES;
				GCC_WARN_UNUSED_VARIABLE = YES;
				IPHONEOS_DEPLOYMENT_TARGET = 15.0;
				MTL_ENABLE_DEBUG_INFO = NO;
				MTL_FAST_MATH = YES;
				SDKROOT = iphoneos;
				SWIFT_COMPILATION_MODE = wholemodule;
				SWIFT_OPTIMIZATION_LEVEL = "-O";
				VALIDATE_PRODUCT = YES;
			};
			name = Release;
		};
		BA1B1700272DB41300E67E9F /* Debug */ = {
			isa = XCBuildConfiguration;
			buildSettings = {
				ASSETCATALOG_COMPILER_APPICON_NAME = AppIcon;
				ASSETCATALOG_COMPILER_GLOBAL_ACCENT_COLOR_NAME = AccentColor;
				CODE_SIGN_ENTITLEMENTS = ECNDemoApp/ECNDemoApp.entitlements;
				CODE_SIGN_IDENTITY = "iPhone Developer";
				CODE_SIGN_STYLE = Manual;
				CURRENT_PROJECT_VERSION = 1;
				DEVELOPMENT_TEAM = 8GJN68M5RA;
				FRAMEWORK_SEARCH_PATHS = (
					"$(inherited)",
					"$(PROJECT_DIR)/Frameworks",
				);
				GENERATE_INFOPLIST_FILE = YES;
				INFOPLIST_FILE = ECNDemoApp/Info.plist;
				INFOPLIST_KEY_UIApplicationSupportsIndirectInputEvents = YES;
				INFOPLIST_KEY_UILaunchStoryboardName = LaunchScreen;
				INFOPLIST_KEY_UIMainStoryboardFile = Main;
				INFOPLIST_KEY_UISupportedInterfaceOrientations_iPad = "UIInterfaceOrientationPortrait UIInterfaceOrientationPortraitUpsideDown UIInterfaceOrientationLandscapeLeft UIInterfaceOrientationLandscapeRight";
				INFOPLIST_KEY_UISupportedInterfaceOrientations_iPhone = "UIInterfaceOrientationPortrait UIInterfaceOrientationLandscapeLeft UIInterfaceOrientationLandscapeRight";
				IPHONEOS_DEPLOYMENT_TARGET = 14.6;
				LD_RUNPATH_SEARCH_PATHS = (
					"$(inherited)",
					"@executable_path/Frameworks",
				);
				MARKETING_VERSION = 1.0;
				PRODUCT_BUNDLE_IDENTIFIER = com.endava.ecnbits;
				PRODUCT_NAME = "$(TARGET_NAME)";
				PROVISIONING_PROFILE_SPECIFIER = "ECN Bits Development Profile";
				SUPPORTS_MACCATALYST = NO;
				SWIFT_EMIT_LOC_STRINGS = YES;
				SWIFT_VERSION = 5.0;
				TARGETED_DEVICE_FAMILY = "1,2";
			};
			name = Debug;
		};
		BA1B1701272DB41300E67E9F /* Release */ = {
			isa = XCBuildConfiguration;
			buildSettings = {
				ASSETCATALOG_COMPILER_APPICON_NAME = AppIcon;
				ASSETCATALOG_COMPILER_GLOBAL_ACCENT_COLOR_NAME = AccentColor;
				CODE_SIGN_ENTITLEMENTS = ECNDemoApp/ECNDemoApp.entitlements;
				CODE_SIGN_IDENTITY = "iPhone Distribution";
				CODE_SIGN_STYLE = Manual;
				CURRENT_PROJECT_VERSION = 1;
				DEVELOPMENT_TEAM = 8GJN68M5RA;
				FRAMEWORK_SEARCH_PATHS = (
					"$(inherited)",
					"$(PROJECT_DIR)/Frameworks",
				);
				GENERATE_INFOPLIST_FILE = YES;
				INFOPLIST_FILE = ECNDemoApp/Info.plist;
				INFOPLIST_KEY_UIApplicationSupportsIndirectInputEvents = YES;
				INFOPLIST_KEY_UILaunchStoryboardName = LaunchScreen;
				INFOPLIST_KEY_UIMainStoryboardFile = Main;
				INFOPLIST_KEY_UISupportedInterfaceOrientations_iPad = "UIInterfaceOrientationPortrait UIInterfaceOrientationPortraitUpsideDown UIInterfaceOrientationLandscapeLeft UIInterfaceOrientationLandscapeRight";
				INFOPLIST_KEY_UISupportedInterfaceOrientations_iPhone = "UIInterfaceOrientationPortrait UIInterfaceOrientationLandscapeLeft UIInterfaceOrientationLandscapeRight";
				IPHONEOS_DEPLOYMENT_TARGET = 14.6;
				LD_RUNPATH_SEARCH_PATHS = (
					"$(inherited)",
					"@executable_path/Frameworks",
				);
				MARKETING_VERSION = 1.0;
				PRODUCT_BUNDLE_IDENTIFIER = com.endava.ecnbits;
				PRODUCT_NAME = "$(TARGET_NAME)";
				PROVISIONING_PROFILE_SPECIFIER = "ECN Bits Profile";
				SUPPORTS_MACCATALYST = NO;
				SWIFT_EMIT_LOC_STRINGS = YES;
				SWIFT_VERSION = 5.0;
				TARGETED_DEVICE_FAMILY = "1,2";
			};
			name = Release;
		};
		BA1B1703272DB41300E67E9F /* Debug */ = {
			isa = XCBuildConfiguration;
			buildSettings = {
				ALWAYS_EMBED_SWIFT_STANDARD_LIBRARIES = YES;
				BUNDLE_LOADER = "$(TEST_HOST)";
				CODE_SIGN_STYLE = Automatic;
				CURRENT_PROJECT_VERSION = 1;
				GENERATE_INFOPLIST_FILE = YES;
				IPHONEOS_DEPLOYMENT_TARGET = 15.0;
				LD_RUNPATH_SEARCH_PATHS = (
					"$(inherited)",
					"@executable_path/Frameworks",
					"@loader_path/Frameworks",
				);
				MARKETING_VERSION = 1.0;
				PRODUCT_BUNDLE_IDENTIFIER = "com.endava.ecn-bits.ECNDemoAppTests";
				PRODUCT_NAME = "$(TARGET_NAME)";
				SWIFT_EMIT_LOC_STRINGS = NO;
				SWIFT_VERSION = 5.0;
				TARGETED_DEVICE_FAMILY = "1,2";
				TEST_HOST = "$(BUILT_PRODUCTS_DIR)/ECNDemoApp.app/ECNDemoApp";
			};
			name = Debug;
		};
		BA1B1704272DB41300E67E9F /* Release */ = {
			isa = XCBuildConfiguration;
			buildSettings = {
				ALWAYS_EMBED_SWIFT_STANDARD_LIBRARIES = YES;
				BUNDLE_LOADER = "$(TEST_HOST)";
				CODE_SIGN_STYLE = Automatic;
				CURRENT_PROJECT_VERSION = 1;
				GENERATE_INFOPLIST_FILE = YES;
				IPHONEOS_DEPLOYMENT_TARGET = 15.0;
				LD_RUNPATH_SEARCH_PATHS = (
					"$(inherited)",
					"@executable_path/Frameworks",
					"@loader_path/Frameworks",
				);
				MARKETING_VERSION = 1.0;
				PRODUCT_BUNDLE_IDENTIFIER = "com.endava.ecn-bits.ECNDemoAppTests";
				PRODUCT_NAME = "$(TARGET_NAME)";
				SWIFT_EMIT_LOC_STRINGS = NO;
				SWIFT_VERSION = 5.0;
				TARGETED_DEVICE_FAMILY = "1,2";
				TEST_HOST = "$(BUILT_PRODUCTS_DIR)/ECNDemoApp.app/ECNDemoApp";
			};
			name = Release;
		};
		BA1B1706272DB41300E67E9F /* Debug */ = {
			isa = XCBuildConfiguration;
			buildSettings = {
				ALWAYS_EMBED_SWIFT_STANDARD_LIBRARIES = YES;
				CODE_SIGN_STYLE = Manual;
				CURRENT_PROJECT_VERSION = 1;
				DEVELOPMENT_TEAM = "";
				GENERATE_INFOPLIST_FILE = YES;
				LD_RUNPATH_SEARCH_PATHS = (
					"$(inherited)",
					"@executable_path/Frameworks",
					"@loader_path/Frameworks",
				);
				MARKETING_VERSION = 1.0;
				PRODUCT_BUNDLE_IDENTIFIER = "com.endava.ecn-bits.ECNDemoAppUITests";
				"PRODUCT_BUNDLE_IDENTIFIER[sdk=macosx*]" = "";
				PRODUCT_NAME = "$(TARGET_NAME)";
				PROVISIONING_PROFILE_SPECIFIER = "";
				"PROVISIONING_PROFILE_SPECIFIER[sdk=macosx*]" = "";
				SWIFT_EMIT_LOC_STRINGS = NO;
				SWIFT_VERSION = 5.0;
				TARGETED_DEVICE_FAMILY = "1,2";
				TEST_TARGET_NAME = ECNDemoApp;
			};
			name = Debug;
		};
		BA1B1707272DB41300E67E9F /* Release */ = {
			isa = XCBuildConfiguration;
			buildSettings = {
				ALWAYS_EMBED_SWIFT_STANDARD_LIBRARIES = YES;
				CODE_SIGN_STYLE = Manual;
				CURRENT_PROJECT_VERSION = 1;
				DEVELOPMENT_TEAM = "";
				GENERATE_INFOPLIST_FILE = YES;
				LD_RUNPATH_SEARCH_PATHS = (
					"$(inherited)",
					"@executable_path/Frameworks",
					"@loader_path/Frameworks",
				);
				MARKETING_VERSION = 1.0;
				PRODUCT_BUNDLE_IDENTIFIER = "com.endava.ecn-bits.ECNDemoAppUITests";
				"PRODUCT_BUNDLE_IDENTIFIER[sdk=macosx*]" = "";
				PRODUCT_NAME = "$(TARGET_NAME)";
				PROVISIONING_PROFILE_SPECIFIER = "";
				"PROVISIONING_PROFILE_SPECIFIER[sdk=macosx*]" = "";
				SWIFT_EMIT_LOC_STRINGS = NO;
				SWIFT_VERSION = 5.0;
				TARGETED_DEVICE_FAMILY = "1,2";
				TEST_TARGET_NAME = ECNDemoApp;
			};
			name = Release;
		};
/* End XCBuildConfiguration section */

/* Begin XCConfigurationList section */
		BA1B16D0272DB41000E67E9F /* Build configuration list for PBXProject "ECNDemoApp" */ = {
			isa = XCConfigurationList;
			buildConfigurations = (
				BA1B16FD272DB41300E67E9F /* Debug */,
				BA1B16FE272DB41300E67E9F /* Release */,
			);
			defaultConfigurationIsVisible = 0;
			defaultConfigurationName = Release;
		};
		BA1B16FF272DB41300E67E9F /* Build configuration list for PBXNativeTarget "ECNDemoApp" */ = {
			isa = XCConfigurationList;
			buildConfigurations = (
				BA1B1700272DB41300E67E9F /* Debug */,
				BA1B1701272DB41300E67E9F /* Release */,
			);
			defaultConfigurationIsVisible = 0;
			defaultConfigurationName = Release;
		};
		BA1B1702272DB41300E67E9F /* Build configuration list for PBXNativeTarget "ECNDemoAppTests" */ = {
			isa = XCConfigurationList;
			buildConfigurations = (
				BA1B1703272DB41300E67E9F /* Debug */,
				BA1B1704272DB41300E67E9F /* Release */,
			);
			defaultConfigurationIsVisible = 0;
			defaultConfigurationName = Release;
		};
		BA1B1705272DB41300E67E9F /* Build configuration list for PBXNativeTarget "ECNDemoAppUITests" */ = {
			isa = XCConfigurationList;
			buildConfigurations = (
				BA1B1706272DB41300E67E9F /* Debug */,
				BA1B1707272DB41300E67E9F /* Release */,
			);
			defaultConfigurationIsVisible = 0;
			defaultConfigurationName = Release;
		};
/* End XCConfigurationList section */
	};
	rootObject = BA1B16CD272DB41000E67E9F /* Project object */;
}
